
Microsoft Visual Studio Solution File, Format Version 12.00
# Visual Studio Version 17
VisualStudioVersion = 17.3.32819.101
MinimumVisualStudioVersion = 10.0.40219.1
Project("{FAE04EC0-301F-11D3-BF4B-00C04F79EFBC}") = "Ejercicio Task", "Ejercicio Task\Ejercicio Task.csproj", "{9594551E-CAF6-453D-969B-9624A3DF0DAF}"
EndProject
Global
	GlobalSection(SolutionConfigurationPlatforms) = preSolution
		Debug|Any CPU = Debug|Any CPU
		Release|Any CPU = Release|Any CPU
	EndGlobalSection
	GlobalSection(ProjectConfigurationPlatforms) = postSolution
		{9594551E-CAF6-453D-969B-9624A3DF0DAF}.Debug|Any CPU.ActiveCfg = Debug|Any CPU
		{9594551E-CAF6-453D-969B-9624A3DF0DAF}.Debug|Any CPU.Build.0 = Debug|Any CPU
		{9594551E-CAF6-453D-969B-9624A3DF0DAF}.Release|Any CPU.ActiveCfg = Release|Any CPU
		{9594551E-CAF6-453D-969B-9624A3DF0DAF}.Release|Any CPU.Build.0 = Release|Any CPU
	EndGlobalSection
	GlobalSection(SolutionProperties) = preSolution
		HideSolutionNode = FALSE
	EndGlobalSection
	GlobalSection(ExtensibilityGlobals) = postSolution
		SolutionGuid = {DE899848-F05D-4B2A-9FB3-7110B14A6DE5}
	EndGlobalSection
EndGlobal
